Microsoft Visual Studio Solution File, Format Version 11.00
# Visual Studio 2008

Project("{7F94B897-843D-8170-B5F8-C0E9F1EB5D4C}") = "ClefMiner_v1.2", "Assembly-CSharp.csproj", "{E2BD741A-5CD1-D415-FB73-4FCFD20A30B2}"
EndProject
Global
	GlobalSection(SolutionConfigurationPlatforms) = preSolution
		Debug|Any CPU = Debug|Any CPU
		Release|Any CPU = Release|Any CPU
	EndGlobalSection
	GlobalSection(ProjectConfigurationPlatforms) = postSolution
		{E2BD741A-5CD1-D415-FB73-4FCFD20A30B2}.Debug|Any CPU.ActiveCfg = Debug|Any CPU
		{E2BD741A-5CD1-D415-FB73-4FCFD20A30B2}.Debug|Any CPU.Build.0 = Debug|Any CPU
		{E2BD741A-5CD1-D415-FB73-4FCFD20A30B2}.Release|Any CPU.ActiveCfg = Release|Any CPU
		{E2BD741A-5CD1-D415-FB73-4FCFD20A30B2}.Release|Any CPU.Build.0 = Release|Any CPU
	EndGlobalSection
	GlobalSection(SolutionProperties) = preSolution
		HideSolutionNode = FALSE
	EndGlobalSection
	GlobalSection(MonoDevelopProperties) = preSolution
		StartupItem = Assembly-CSharp.csproj
	EndGlobalSection
EndGlobal
